
Microsoft Visual Studio Solution File, Format Version 12.00
# Visual Studio Version 16
VisualStudioVersion = 16.0.31515.178
MinimumVisualStudioVersion = 10.0.40219.1
Project("{FAE04EC0-301F-11D3-BF4B-00C04F79EFBC}") = "Exercicio_Aula122", "Exercicio_Aula122.csproj", "{F3915125-B9AA-4061-B644-3AA4CE74BE9A}"
EndProject
Global
	GlobalSection(SolutionConfigurationPlatforms) = preSolution
		Debug|Any CPU = Debug|Any CPU
		Release|Any CPU = Release|Any CPU
	EndGlobalSection
	GlobalSection(ProjectConfigurationPlatforms) = postSolution
		{F3915125-B9AA-4061-B644-3AA4CE74BE9A}.Debug|Any CPU.ActiveCfg = Debug|Any CPU
		{F3915125-B9AA-4061-B644-3AA4CE74BE9A}.Debug|Any CPU.Build.0 = Debug|Any CPU
		{F3915125-B9AA-4061-B644-3AA4CE74BE9A}.Release|Any CPU.ActiveCfg = Release|Any CPU
		{F3915125-B9AA-4061-B644-3AA4CE74BE9A}.Release|Any CPU.Build.0 = Release|Any CPU
	EndGlobalSection
	GlobalSection(SolutionProperties) = preSolution
		HideSolutionNode = FALSE
	EndGlobalSection
	GlobalSection(ExtensibilityGlobals) = postSolution
		SolutionGuid = {C467C4C7-EEB2-45DF-AFD7-0CED4CDF3F06}
	EndGlobalSection
EndGlobal
